
Microsoft Visual Studio Solution File, Format Version 12.00
# Visual Studio 15
VisualStudioVersion = 15.0.27130.2020
MinimumVisualStudioVersion = 10.0.40219.1
Project("{FAE04EC0-301F-11D3-BF4B-00C04F79EFBC}") = "WebUI", "WebUI\WebUI.csproj", "{0BA1787F-2194-4366-B770-BABD51734E17}"
EndProject
Project("{FAE04EC0-301F-11D3-BF4B-00C04F79EFBC}") = "ManageIdentity.Core", "ManageIdentity.Core\ManageIdentity.Core.csproj", "{81AD4237-DD51-4071-8E8B-554A9B5F85C5}"
EndProject
Global
	GlobalSection(SolutionConfigurationPlatforms) = preSolution
		Debug|Any CPU = Debug|Any CPU
		Release|Any CPU = Release|Any CPU
	EndGlobalSection
	GlobalSection(ProjectConfigurationPlatforms) = postSolution
		{0BA1787F-2194-4366-B770-BABD51734E17}.Debug|Any CPU.ActiveCfg = Debug|Any CPU
		{0BA1787F-2194-4366-B770-BABD51734E17}.Debug|Any CPU.Build.0 = Debug|Any CPU
		{0BA1787F-2194-4366-B770-BABD51734E17}.Release|Any CPU.ActiveCfg = Release|Any CPU
		{0BA1787F-2194-4366-B770-BABD51734E17}.Release|Any CPU.Build.0 = Release|Any CPU
		{81AD4237-DD51-4071-8E8B-554A9B5F85C5}.Debug|Any CPU.ActiveCfg = Debug|Any CPU
		{81AD4237-DD51-4071-8E8B-554A9B5F85C5}.Debug|Any CPU.Build.0 = Debug|Any CPU
		{81AD4237-DD51-4071-8E8B-554A9B5F85C5}.Release|Any CPU.ActiveCfg = Release|Any CPU
		{81AD4237-DD51-4071-8E8B-554A9B5F85C5}.Release|Any CPU.Build.0 = Release|Any CPU
	EndGlobalSection
	GlobalSection(SolutionProperties) = preSolution
		HideSolutionNode = FALSE
	EndGlobalSection
	GlobalSection(ExtensibilityGlobals) = postSolution
		SolutionGuid = {D38165AE-10C7-407E-AB06-FDF6061AE5A7}
	EndGlobalSection
EndGlobal
